// !$*UTF8*$!
{
	archiveVersion = 1;
	classes = {
	};
	objectVersion = 56;
	objects = {

/* Begin PBXBuildFile section */
		0355DCE229776C9B00CC90B0 /* iMedidateApp.swift in Sources */ = {isa = PBXBuildFile; fileRef = 0355DCE129776C9B00CC90B0 /* iMedidateApp.swift */; };
		0355DCE429776C9B00CC90B0 /* ContentView.swift in Sources */ = {isa = PBXBuildFile; fileRef = 0355DCE329776C9B00CC90B0 /* ContentView.swift */; };
		0355DCE629776C9B00CC90B0 /* Assets.xcassets in Resources */ = {isa = PBXBuildFile; fileRef = 0355DCE529776C9B00CC90B0 /* Assets.xcassets */; };
		0355DCE929776C9B00CC90B0 /* Preview Assets.xcassets in Resources */ = {isa = PBXBuildFile; fileRef = 0355DCE829776C9B00CC90B0 /* Preview Assets.xcassets */; };
		0355DCF029776D7A00CC90B0 /* MeditationView.swift in Sources */ = {isa = PBXBuildFile; fileRef = 0355DCEF29776D7A00CC90B0 /* MeditationView.swift */; };
		0355DCF229776F8F00CC90B0 /* PlayerView.swift in Sources */ = {isa = PBXBuildFile; fileRef = 0355DCF129776F8F00CC90B0 /* PlayerView.swift */; };
		0355DCF62977710000CC90B0 /* PlaybackControllerButton.swift in Sources */ = {isa = PBXBuildFile; fileRef = 0355DCF52977710000CC90B0 /* PlaybackControllerButton.swift */; };
		0355DCF9297862A900CC90B0 /* MeditationViewModel.swift in Sources */ = {isa = PBXBuildFile; fileRef = 0355DCF8297862A900CC90B0 /* MeditationViewModel.swift */; };
		0355DCFC297863FF00CC90B0 /* Extensions.swift in Sources */ = {isa = PBXBuildFile; fileRef = 0355DCFB297863FF00CC90B0 /* Extensions.swift */; };
		0355DCFE297866B000CC90B0 /* AudioManager.swift in Sources */ = {isa = PBXBuildFile; fileRef = 0355DCFD297866B000CC90B0 /* AudioManager.swift */; };
		0355DD0129788AA000CC90B0 /* ice&fire.mp3 in Resources */ = {isa = PBXBuildFile; fileRef = 0355DD0029788AA000CC90B0 /* ice&fire.mp3 */; };
/* End PBXBuildFile section */

/* Begin PBXFileReference section */
		0355DCDE29776C9B00CC90B0 /* iMedidate.app */ = {isa = PBXFileReference; explicitFileType = wrapper.application; includeInIndex = 0; path = iMedidate.app; sourceTree = BUILT_PRODUCTS_DIR; };
		0355DCE129776C9B00CC90B0 /* iMedidateApp.swift */ = {isa = PBXFileReference; lastKnownFileType = sourcecode.swift; path = iMedidateApp.swift; sourceTree = "<group>"; };
		0355DCE329776C9B00CC90B0 /* ContentView.swift */ = {isa = PBXFileReference; lastKnownFileType = sourcecode.swift; path = ContentView.swift; sourceTree = "<group>"; };
		0355DCE529776C9B00CC90B0 /* Assets.xcassets */ = {isa = PBXFileReference; lastKnownFileType = folder.assetcatalog; path = Assets.xcassets; sourceTree = "<group>"; };
		0355DCE829776C9B00CC90B0 /* Preview Assets.xcassets */ = {isa = PBXFileReference; lastKnownFileType = folder.assetcatalog; path = "Preview Assets.xcassets"; sourceTree = "<group>"; };
		0355DCEF29776D7A00CC90B0 /* MeditationView.swift */ = {isa = PBXFileReference; lastKnownFileType = sourcecode.swift; path = MeditationView.swift; sourceTree = "<group>"; };
		0355DCF129776F8F00CC90B0 /* PlayerView.swift */ = {isa = PBXFileReference; lastKnownFileType = sourcecode.swift; path = PlayerView.swift; sourceTree = "<group>"; };
		0355DCF52977710000CC90B0 /* PlaybackControllerButton.swift */ = {isa = PBXFileReference; lastKnownFileType = sourcecode.swift; path = PlaybackControllerButton.swift; sourceTree = "<group>"; };
		0355DCF8297862A900CC90B0 /* MeditationViewModel.swift */ = {isa = PBXFileReference; lastKnownFileType = sourcecode.swift; path = MeditationViewModel.swift; sourceTree = "<group>"; };
		0355DCFB297863FF00CC90B0 /* Extensions.swift */ = {isa = PBXFileReference; lastKnownFileType = sourcecode.swift; path = Extensions.swift; sourceTree = "<group>"; };
		0355DCFD297866B000CC90B0 /* AudioManager.swift */ = {isa = PBXFileReference; lastKnownFileType = sourcecode.swift; path = AudioManager.swift; sourceTree = "<group>"; };
		0355DCFF29786AF200CC90B0 /* Info.plist */ = {isa = PBXFileReference; lastKnownFileType = text.plist; path = Info.plist; sourceTree = "<group>"; };
		0355DD0029788AA000CC90B0 /* ice&fire.mp3 */ = {isa = PBXFileReference; lastKnownFileType = audio.mp3; path = "ice&fire.mp3"; sourceTree = "<group>"; };
/* End PBXFileReference section */

/* Begin PBXFrameworksBuildPhase section */
		0355DCDB29776C9B00CC90B0 /* Frameworks */ = {
			isa = PBXFrameworksBuildPhase;
			buildActionMask = 2147483647;
			files = (
			);
			runOnlyForDeploymentPostprocessing = 0;
		};
/* End PBXFrameworksBuildPhase section */

/* Begin PBXGroup section */
		0355DCD529776C9B00CC90B0 = {
			isa = PBXGroup;
			children = (
				0355DCE029776C9B00CC90B0 /* iMedidate */,
				0355DCDF29776C9B00CC90B0 /* Products */,
			);
			sourceTree = "<group>";
		};
		0355DCDF29776C9B00CC90B0 /* Products */ = {
			isa = PBXGroup;
			children = (
				0355DCDE29776C9B00CC90B0 /* iMedidate.app */,
			);
			name = Products;
			sourceTree = "<group>";
		};
		0355DCE029776C9B00CC90B0 /* iMedidate */ = {
			isa = PBXGroup;
			children = (
				0355DCFF29786AF200CC90B0 /* Info.plist */,
				0355DCFA297863F700CC90B0 /* Helpers */,
				0355DCF4297770F500CC90B0 /* Components */,
				0355DCF72978629C00CC90B0 /* ViewModels */,
				0355DCF329776F9400CC90B0 /* Views */,
				0355DCE129776C9B00CC90B0 /* iMedidateApp.swift */,
				0355DCE329776C9B00CC90B0 /* ContentView.swift */,
				0355DCE529776C9B00CC90B0 /* Assets.xcassets */,
				0355DD0029788AA000CC90B0 /* ice&fire.mp3 */,
				0355DCE729776C9B00CC90B0 /* Preview Content */,
			);
			path = iMedidate;
			sourceTree = "<group>";
		};
		0355DCE729776C9B00CC90B0 /* Preview Content */ = {
			isa = PBXGroup;
			children = (
				0355DCE829776C9B00CC90B0 /* Preview Assets.xcassets */,
			);
			path = "Preview Content";
			sourceTree = "<group>";
		};
		0355DCF329776F9400CC90B0 /* Views */ = {
			isa = PBXGroup;
			children = (
				0355DCF129776F8F00CC90B0 /* PlayerView.swift */,
				0355DCEF29776D7A00CC90B0 /* MeditationView.swift */,
			);
			path = Views;
			sourceTree = "<group>";
		};
		0355DCF4297770F500CC90B0 /* Components */ = {
			isa = PBXGroup;
			children = (
				0355DCF52977710000CC90B0 /* PlaybackControllerButton.swift */,
			);
			path = Components;
			sourceTree = "<group>";
		};
		0355DCF72978629C00CC90B0 /* ViewModels */ = {
			isa = PBXGroup;
			children = (
				0355DCF8297862A900CC90B0 /* MeditationViewModel.swift */,
			);
			path = ViewModels;
			sourceTree = "<group>";
		};
		0355DCFA297863F700CC90B0 /* Helpers */ = {
			isa = PBXGroup;
			children = (
				0355DCFB297863FF00CC90B0 /* Extensions.swift */,
				0355DCFD297866B000CC90B0 /* AudioManager.swift */,
			);
			path = Helpers;
			sourceTree = "<group>";
		};
/* End PBXGroup section */

/* Begin PBXNativeTarget section */
		0355DCDD29776C9B00CC90B0 /* iMedidate */ = {
			isa = PBXNativeTarget;
			buildConfigurationList = 0355DCEC29776C9B00CC90B0 /* Build configuration list for PBXNativeTarget "iMedidate" */;
			buildPhases = (
				0355DCDA29776C9B00CC90B0 /* Sources */,
				0355DCDB29776C9B00CC90B0 /* Frameworks */,
				0355DCDC29776C9B00CC90B0 /* Resources */,
			);
			buildRules = (
			);
			dependencies = (
			);
			name = iMedidate;
			productName = iMedidate;
			productReference = 0355DCDE29776C9B00CC90B0 /* iMedidate.app */;
			productType = "com.apple.product-type.application";
		};
/* End PBXNativeTarget section */

/* Begin PBXProject section */
		0355DCD629776C9B00CC90B0 /* Project object */ = {
			isa = PBXProject;
			attributes = {
				BuildIndependentTargetsInParallel = 1;
				LastSwiftUpdateCheck = 1420;
				LastUpgradeCheck = 1420;
				TargetAttributes = {
					0355DCDD29776C9B00CC90B0 = {
						CreatedOnToolsVersion = 14.2;
					};
				};
			};
			buildConfigurationList = 0355DCD929776C9B00CC90B0 /* Build configuration list for PBXProject "iMedidate" */;
			compatibilityVersion = "Xcode 14.0";
			developmentRegion = en;
			hasScannedForEncodings = 0;
			knownRegions = (
				en,
				Base,
			);
			mainGroup = 0355DCD529776C9B00CC90B0;
			productRefGroup = 0355DCDF29776C9B00CC90B0 /* Products */;
			projectDirPath = "";
			projectRoot = "";
			targets = (
				0355DCDD29776C9B00CC90B0 /* iMedidate */,
			);
		};
/* End PBXProject section */

/* Begin PBXResourcesBuildPhase section */
		0355DCDC29776C9B00CC90B0 /* Resources */ = {
			isa = PBXResourcesBuildPhase;
			buildActionMask = 2147483647;
			files = (
				0355DD0129788AA000CC90B0 /* ice&fire.mp3 in Resources */,
				0355DCE929776C9B00CC90B0 /* Preview Assets.xcassets in Resources */,
				0355DCE629776C9B00CC90B0 /* Assets.xcassets in Resources */,
			);
			runOnlyForDeploymentPostprocessing = 0;
		};
/* End PBXResourcesBuildPhase section */

/* Begin PBXSourcesBuildPhase section */
		0355DCDA29776C9B00CC90B0 /* Sources */ = {
			isa = PBXSourcesBuildPhase;
			buildActionMask = 2147483647;
			files = (
				0355DCE429776C9B00CC90B0 /* ContentView.swift in Sources */,
				0355DCF029776D7A00CC90B0 /* MeditationView.swift in Sources */,
				0355DCFE297866B000CC90B0 /* AudioManager.swift in Sources */,
				0355DCF62977710000CC90B0 /* PlaybackControllerButton.swift in Sources */,
				0355DCE229776C9B00CC90B0 /* iMedidateApp.swift in Sources */,
				0355DCF9297862A900CC90B0 /* MeditationViewModel.swift in Sources */,
				0355DCF229776F8F00CC90B0 /* PlayerView.swift in Sources */,
				0355DCFC297863FF00CC90B0 /* Extensions.swift in Sources */,
			);
			runOnlyForDeploymentPostprocessing = 0;
		};
/* End PBXSourcesBuildPhase section */

/* Begin XCBuildConfiguration section */
		0355DCEA29776C9B00CC90B0 /* Debug */ = {
			isa = XCBuildConfiguration;
			buildSettings = {
				ALWAYS_SEARCH_USER_PATHS = NO;
				CLANG_ANALYZER_NONNULL = YES;
				CLANG_ANALYZER_NUMBER_OBJECT_CONVERSION = YES_AGGRESSIVE;
				CLANG_CXX_LANGUAGE_STANDARD = "gnu++20";
				CLANG_ENABLE_MODULES = YES;
				CLANG_ENABLE_OBJC_ARC = YES;
				CLANG_ENABLE_OBJC_WEAK = YES;
				CLANG_WARN_BLOCK_CAPTURE_AUTORELEASING = YES;
				CLANG_WARN_BOOL_CONVERSION = YES;
				CLANG_WARN_COMMA = YES;
				CLANG_WARN_CONSTANT_CONVERSION = YES;
				CLANG_WARN_DEPRECATED_OBJC_IMPLEMENTATIONS = YES;
				CLANG_WARN_DIRECT_OBJC_ISA_USAGE = YES_ERROR;
				CLANG_WARN_DOCUMENTATION_COMMENTS = YES;
				CLANG_WARN_EMPTY_BODY = YES;
				CLANG_WARN_ENUM_CONVERSION = YES;
				CLANG_WARN_INFINITE_RECURSION = YES;
				CLANG_WARN_INT_CONVERSION = YES;
				CLANG_WARN_NON_LITERAL_NULL_CONVERSION = YES;
				CLANG_WARN_OBJC_IMPLICIT_RETAIN_SELF = YES;
				CLANG_WARN_OBJC_LITERAL_CONVERSION = YES;
				CLANG_WARN_OBJC_ROOT_CLASS = YES_ERROR;
				CLANG_WARN_QUOTED_INCLUDE_IN_FRAMEWORK_HEADER = YES;
				CLANG_WARN_RANGE_LOOP_ANALYSIS = YES;
				CLANG_WARN_STRICT_PROTOTYPES = YES;
				CLANG_WARN_SUSPICIOUS_MOVE = YES;
				CLANG_WARN_UNGUARDED_AVAILABILITY = YES_AGGRESSIVE;
				CLANG_WARN_UNREACHABLE_CODE = YES;
				CLANG_WARN__DUPLICATE_METHOD_MATCH = YES;
				COPY_PHASE_STRIP = NO;
				DEBUG_INFORMATION_FORMAT = dwarf;
				ENABLE_STRICT_OBJC_MSGSEND = YES;
				ENABLE_TESTABILITY = YES;
				GCC_C_LANGUAGE_STANDARD = gnu11;
				GCC_DYNAMIC_NO_PIC = NO;
				GCC_NO_COMMON_BLOCKS = YES;
				GCC_OPTIMIZATION_LEVEL = 0;
				GCC_PREPROCESSOR_DEFINITIONS = (
					"DEBUG=1",
					"$(inherited)",
				);
				GCC_WARN_64_TO_32_BIT_CONVERSION = YES;
				GCC_WARN_ABOUT_RETURN_TYPE = YES_ERROR;
				GCC_WARN_UNDECLARED_SELECTOR = YES;
				GCC_WARN_UNINITIALIZED_AUTOS = YES_AGGRESSIVE;
				GCC_WARN_UNUSED_FUNCTION = YES;
				GCC_WARN_UNUSED_VARIABLE = YES;
				IPHONEOS_DEPLOYMENT_TARGET = 16.2;
				MTL_ENABLE_DEBUG_INFO = INCLUDE_SOURCE;
				MTL_FAST_MATH = YES;
				ONLY_ACTIVE_ARCH = YES;
				SDKROOT = iphoneos;
				SWIFT_ACTIVE_COMPILATION_CONDITIONS = DEBUG;
				SWIFT_OPTIMIZATION_LEVEL = "-Onone";
			};
			name = Debug;
		};
		0355DCEB29776C9B00CC90B0 /* Release */ = {
			isa = XCBuildConfiguration;
			buildSettings = {
				ALWAYS_SEARCH_USER_PATHS = NO;
				CLANG_ANALYZER_NONNULL = YES;
				CLANG_ANALYZER_NUMBER_OBJECT_CONVERSION = YES_AGGRESSIVE;
				CLANG_CXX_LANGUAGE_STANDARD = "gnu++20";
				CLANG_ENABLE_MODULES = YES;
				CLANG_ENABLE_OBJC_ARC = YES;
				CLANG_ENABLE_OBJC_WEAK = YES;
				CLANG_WARN_BLOCK_CAPTURE_AUTORELEASING = YES;
				CLANG_WARN_BOOL_CONVERSION = YES;
				CLANG_WARN_COMMA = YES;
				CLANG_WARN_CONSTANT_CONVERSION = YES;
				CLANG_WARN_DEPRECATED_OBJC_IMPLEMENTATIONS = YES;
				CLANG_WARN_DIRECT_OBJC_ISA_USAGE = YES_ERROR;
				CLANG_WARN_DOCUMENTATION_COMMENTS = YES;
				CLANG_WARN_EMPTY_BODY = YES;
				CLANG_WARN_ENUM_CONVERSION = YES;
				CLANG_WARN_INFINITE_RECURSION = YES;
				CLANG_WARN_INT_CONVERSION = YES;
				CLANG_WARN_NON_LITERAL_NULL_CONVERSION = YES;
				CLANG_WARN_OBJC_IMPLICIT_RETAIN_SELF = YES;
				CLANG_WARN_OBJC_LITERAL_CONVERSION = YES;
				CLANG_WARN_OBJC_ROOT_CLASS = YES_ERROR;
				CLANG_WARN_QUOTED_INCLUDE_IN_FRAMEWORK_HEADER = YES;
				CLANG_WARN_RANGE_LOOP_ANALYSIS = YES;
				CLANG_WARN_STRICT_PROTOTYPES = YES;
				CLANG_WARN_SUSPICIOUS_MOVE = YES;
				CLANG_WARN_UNGUARDED_AVAILABILITY = YES_AGGRESSIVE;
				CLANG_WARN_UNREACHABLE_CODE = YES;
				CLANG_WARN__DUPLICATE_METHOD_MATCH = YES;
				COPY_PHASE_STRIP = NO;
				DEBUG_INFORMATION_FORMAT = "dwarf-with-dsym";
				ENABLE_NS_ASSERTIONS = NO;
				ENABLE_STRICT_OBJC_MSGSEND = YES;
				GCC_C_LANGUAGE_STANDARD = gnu11;
				GCC_NO_COMMON_BLOCKS = YES;
				GCC_WARN_64_TO_32_BIT_CONVERSION = YES;
				GCC_WARN_ABOUT_RETURN_TYPE = YES_ERROR;
				GCC_WARN_UNDECLARED_SELECTOR = YES;
				GCC_WARN_UNINITIALIZED_AUTOS = YES_AGGRESSIVE;
				GCC_WARN_UNUSED_FUNCTION = YES;
				GCC_WARN_UNUSED_VARIABLE = YES;
				IPHONEOS_DEPLOYMENT_TARGET = 16.2;
				MTL_ENABLE_DEBUG_INFO = NO;
				MTL_FAST_MATH = YES;
				SDKROOT = iphoneos;
				SWIFT_COMPILATION_MODE = wholemodule;
				SWIFT_OPTIMIZATION_LEVEL = "-O";
				VALIDATE_PRODUCT = YES;
			};
			name = Release;
		};
		0355DCED29776C9B00CC90B0 /* Debug */ = {
			isa = XCBuildConfiguration;
			buildSettings = {
				ASSETCATALOG_COMPILER_APPICON_NAME = AppIcon;
				ASSETCATALOG_COMPILER_GLOBAL_ACCENT_COLOR_NAME = AccentColor;
				CODE_SIGN_STYLE = Automatic;
				CURRENT_PROJECT_VERSION = 1;
				DEVELOPMENT_ASSET_PATHS = "\"iMedidate/Preview Content\"";
				DEVELOPMENT_TEAM = QV6YG7T84D;
				ENABLE_PREVIEWS = YES;
				GENERATE_INFOPLIST_FILE = YES;
				INFOPLIST_FILE = iMedidate/Info.plist;
				INFOPLIST_KEY_UIApplicationSceneManifest_Generation = YES;
				INFOPLIST_KEY_UIApplicationSupportsIndirectInputEvents = YES;
				INFOPLIST_KEY_UILaunchScreen_Generation = YES;
				INFOPLIST_KEY_UISupportedInterfaceOrientations_iPad = "UIInterfaceOrientationPortrait UIInterfaceOrientationPortraitUpsideDown UIInterfaceOrientationLandscapeLeft UIInterfaceOrientationLandscapeRight";
				INFOPLIST_KEY_UISupportedInterfaceOrientations_iPhone = "UIInterfaceOrientationPortrait UIInterfaceOrientationLandscapeLeft UIInterfaceOrientationLandscapeRight";
				IPHONEOS_DEPLOYMENT_TARGET = 16.1;
				LD_RUNPATH_SEARCH_PATHS = (
					"$(inherited)",
					"@executable_path/Frameworks",
				);
				MARKETING_VERSION = 1.0;
				PRODUCT_BUNDLE_IDENTIFIER = com.amirkaidarov.iMedidate;
				PRODUCT_NAME = "$(TARGET_NAME)";
				SWIFT_EMIT_LOC_STRINGS = YES;
				SWIFT_VERSION = 5.0;
				TARGETED_DEVICE_FAMILY = "1,2";
			};
			name = Debug;
		};
		0355DCEE29776C9B00CC90B0 /* Release */ = {
			isa = XCBuildConfiguration;
			buildSettings = {
				ASSETCATALOG_COMPILER_APPICON_NAME = AppIcon;
				ASSETCATALOG_COMPILER_GLOBAL_ACCENT_COLOR_NAME = AccentColor;
				CODE_SIGN_STYLE = Automatic;
				CURRENT_PROJECT_VERSION = 1;
				DEVELOPMENT_ASSET_PATHS = "\"iMedidate/Preview Content\"";
				DEVELOPMENT_TEAM = QV6YG7T84D;
				ENABLE_PREVIEWS = YES;
				GENERATE_INFOPLIST_FILE = YES;
				INFOPLIST_FILE = iMedidate/Info.plist;
				INFOPLIST_KEY_UIApplicationSceneManifest_Generation = YES;
				INFOPLIST_KEY_UIApplicationSupportsIndirectInputEvents = YES;
				INFOPLIST_KEY_UILaunchScreen_Generation = YES;
				INFOPLIST_KEY_UISupportedInterfaceOrientations_iPad = "UIInterfaceOrientationPortrait UIInterfaceOrientationPortraitUpsideDown UIInterfaceOrientationLandscapeLeft UIInterfaceOrientationLandscapeRight";
				INFOPLIST_KEY_UISupportedInterfaceOrientations_iPhone = "UIInterfaceOrientationPortrait UIInterfaceOrientationLandscapeLeft UIInterfaceOrientationLandscapeRight";
				IPHONEOS_DEPLOYMENT_TARGET = 16.1;
				LD_RUNPATH_SEARCH_PATHS = (
					"$(inherited)",
					"@executable_path/Frameworks",
				);
				MARKETING_VERSION = 1.0;
				PRODUCT_BUNDLE_IDENTIFIER = com.amirkaidarov.iMedidate;
				PRODUCT_NAME = "$(TARGET_NAME)";
				SWIFT_EMIT_LOC_STRINGS = YES;
				SWIFT_VERSION = 5.0;
				TARGETED_DEVICE_FAMILY = "1,2";
			};
			name = Release;
		};
/* End XCBuildConfiguration section */

/* Begin XCConfigurationList section */
		0355DCD929776C9B00CC90B0 /* Build configuration list for PBXProject "iMedidate" */ = {
			isa = XCConfigurationList;
			buildConfigurations = (
				0355DCEA29776C9B00CC90B0 /* Debug */,
				0355DCEB29776C9B00CC90B0 /* Release */,
			);
			defaultConfigurationIsVisible = 0;
			defaultConfigurationName = Release;
		};
		0355DCEC29776C9B00CC90B0 /* Build configuration list for PBXNativeTarget "iMedidate" */ = {
			isa = XCConfigurationList;
			buildConfigurations = (
				0355DCED29776C9B00CC90B0 /* Debug */,
				0355DCEE29776C9B00CC90B0 /* Release */,
			);
			defaultConfigurationIsVisible = 0;
			defaultConfigurationName = Release;
		};
/* End XCConfigurationList section */
	};
	rootObject = 0355DCD629776C9B00CC90B0 /* Project object */;
}
